// !$*UTF8*$!
{
	archiveVersion = 1;
	classes = {
	};
	objectVersion = 46;
	objects = {

/* Begin PBXBuildFile section */
		28EE49091ADA5CC500EAD4FA /* AppDelegate.swift in Sources */ = {isa = PBXBuildFile; fileRef = 28EE49081ADA5CC500EAD4FA /* AppDelegate.swift */; };
		28EE490B1ADA5CC500EAD4FA /* ViewController.swift in Sources */ = {isa = PBXBuildFile; fileRef = 28EE490A1ADA5CC500EAD4FA /* ViewController.swift */; };
		28EE490D1ADA5CC500EAD4FA /* Images.xcassets in Resources */ = {isa = PBXBuildFile; fileRef = 28EE490C1ADA5CC500EAD4FA /* Images.xcassets */; };
		28EE49101ADA5CC500EAD4FA /* Main.storyboard in Resources */ = {isa = PBXBuildFile; fileRef = 28EE490E1ADA5CC500EAD4FA /* Main.storyboard */; };
		28EE491C1ADA5CC500EAD4FA /* MessengerTests.swift in Sources */ = {isa = PBXBuildFile; fileRef = 28EE491B1ADA5CC500EAD4FA /* MessengerTests.swift */; };
/* End PBXBuildFile section */

/* Begin PBXContainerItemProxy section */
		28EE49161ADA5CC500EAD4FA /* PBXContainerItemProxy */ = {
			isa = PBXContainerItemProxy;
			containerPortal = 28EE48FB1ADA5CC500EAD4FA /* Project object */;
			proxyType = 1;
			remoteGlobalIDString = 28EE49021ADA5CC500EAD4FA;
			remoteInfo = Messenger;
		};
/* End PBXContainerItemProxy section */

/* Begin PBXFileReference section */
		28EE49031ADA5CC500EAD4FA /* Messenger.app */ = {isa = PBXFileReference; explicitFileType = wrapper.application; includeInIndex = 0; path = Messenger.app; sourceTree = BUILT_PRODUCTS_DIR; };
		28EE49071ADA5CC500EAD4FA /* Info.plist */ = {isa = PBXFileReference; lastKnownFileType = text.plist.xml; path = Info.plist; sourceTree = "<group>"; };
		28EE49081ADA5CC500EAD4FA /* AppDelegate.swift */ = {isa = PBXFileReference; lastKnownFileType = sourcecode.swift; path = AppDelegate.swift; sourceTree = "<group>"; };
		28EE490A1ADA5CC500EAD4FA /* ViewController.swift */ = {isa = PBXFileReference; lastKnownFileType = sourcecode.swift; path = ViewController.swift; sourceTree = "<group>"; };
		28EE490C1ADA5CC500EAD4FA /* Images.xcassets */ = {isa = PBXFileReference; lastKnownFileType = folder.assetcatalog; path = Images.xcassets; sourceTree = "<group>"; };
		28EE490F1ADA5CC500EAD4FA /* Base */ = {isa = PBXFileReference; lastKnownFileType = file.storyboard; name = Base; path = Base.lproj/Main.storyboard; sourceTree = "<group>"; };
		28EE49151ADA5CC500EAD4FA /* MessengerTests.xctest */ = {isa = PBXFileReference; explicitFileType = wrapper.cfbundle; includeInIndex = 0; path = MessengerTests.xctest; sourceTree = BUILT_PRODUCTS_DIR; };
		28EE491A1ADA5CC500EAD4FA /* Info.plist */ = {isa = PBXFileReference; lastKnownFileType = text.plist.xml; path = Info.plist; sourceTree = "<group>"; };
		28EE491B1ADA5CC500EAD4FA /* MessengerTests.swift */ = {isa = PBXFileReference; lastKnownFileType = sourcecode.swift; path = MessengerTests.swift; sourceTree = "<group>"; };
/* End PBXFileReference section */

/* Begin PBXFrameworksBuildPhase section */
		28EE49001ADA5CC500EAD4FA /* Frameworks */ = {
			isa = PBXFrameworksBuildPhase;
			buildActionMask = 2147483647;
			files = (
			);
			runOnlyForDeploymentPostprocessing = 0;
		};
		28EE49121ADA5CC500EAD4FA /* Frameworks */ = {
			isa = PBXFrameworksBuildPhase;
			buildActionMask = 2147483647;
			files = (
			);
			runOnlyForDeploymentPostprocessing = 0;
		};
/* End PBXFrameworksBuildPhase section */

/* Begin PBXGroup section */
		28EE48FA1ADA5CC500EAD4FA = {
			isa = PBXGroup;
			children = (
				28EE49051ADA5CC500EAD4FA /* Messenger */,
				28EE49181ADA5CC500EAD4FA /* MessengerTests */,
				28EE49041ADA5CC500EAD4FA /* Products */,
			);
			sourceTree = "<group>";
		};
		28EE49041ADA5CC500EAD4FA /* Products */ = {
			isa = PBXGroup;
			children = (
				28EE49031ADA5CC500EAD4FA /* Messenger.app */,
				28EE49151ADA5CC500EAD4FA /* MessengerTests.xctest */,
			);
			name = Products;
			sourceTree = "<group>";
		};
		28EE49051ADA5CC500EAD4FA /* Messenger */ = {
			isa = PBXGroup;
			children = (
				28EE49081ADA5CC500EAD4FA /* AppDelegate.swift */,
				28EE490A1ADA5CC500EAD4FA /* ViewController.swift */,
				28EE490C1ADA5CC500EAD4FA /* Images.xcassets */,
				28EE490E1ADA5CC500EAD4FA /* Main.storyboard */,
				28EE49061ADA5CC500EAD4FA /* Supporting Files */,
			);
			path = Messenger;
			sourceTree = "<group>";
		};
		28EE49061ADA5CC500EAD4FA /* Supporting Files */ = {
			isa = PBXGroup;
			children = (
				28EE49071ADA5CC500EAD4FA /* Info.plist */,
			);
			name = "Supporting Files";
			sourceTree = "<group>";
		};
		28EE49181ADA5CC500EAD4FA /* MessengerTests */ = {
			isa = PBXGroup;
			children = (
				28EE491B1ADA5CC500EAD4FA /* MessengerTests.swift */,
				28EE49191ADA5CC500EAD4FA /* Supporting Files */,
			);
			path = MessengerTests;
			sourceTree = "<group>";
		};
		28EE49191ADA5CC500EAD4FA /* Supporting Files */ = {
			isa = PBXGroup;
			children = (
				28EE491A1ADA5CC500EAD4FA /* Info.plist */,
			);
			name = "Supporting Files";
			sourceTree = "<group>";
		};
/* End PBXGroup section */

/* Begin PBXNativeTarget section */
		28EE49021ADA5CC500EAD4FA /* Messenger */ = {
			isa = PBXNativeTarget;
			buildConfigurationList = 28EE491F1ADA5CC500EAD4FA /* Build configuration list for PBXNativeTarget "Messenger" */;
			buildPhases = (
				28EE48FF1ADA5CC500EAD4FA /* Sources */,
				28EE49001ADA5CC500EAD4FA /* Frameworks */,
				28EE49011ADA5CC500EAD4FA /* Resources */,
			);
			buildRules = (
			);
			dependencies = (
			);
			name = Messenger;
			productName = Messenger;
			productReference = 28EE49031ADA5CC500EAD4FA /* Messenger.app */;
			productType = "com.apple.product-type.application";
		};
		28EE49141ADA5CC500EAD4FA /* MessengerTests */ = {
			isa = PBXNativeTarget;
			buildConfigurationList = 28EE49221ADA5CC500EAD4FA /* Build configuration list for PBXNativeTarget "MessengerTests" */;
			buildPhases = (
				28EE49111ADA5CC500EAD4FA /* Sources */,
				28EE49121ADA5CC500EAD4FA /* Frameworks */,
				28EE49131ADA5CC500EAD4FA /* Resources */,
			);
			buildRules = (
			);
			dependencies = (
				28EE49171ADA5CC500EAD4FA /* PBXTargetDependency */,
			);
			name = MessengerTests;
			productName = MessengerTests;
			productReference = 28EE49151ADA5CC500EAD4FA /* MessengerTests.xctest */;
			productType = "com.apple.product-type.bundle.unit-test";
		};
/* End PBXNativeTarget section */

/* Begin PBXProject section */
		28EE48FB1ADA5CC500EAD4FA /* Project object */ = {
			isa = PBXProject;
			attributes = {
				LastUpgradeCheck = 0630;
				ORGANIZATIONNAME = kaku;
				TargetAttributes = {
					28EE49021ADA5CC500EAD4FA = {
						CreatedOnToolsVersion = 6.3;
					};
					28EE49141ADA5CC500EAD4FA = {
						CreatedOnToolsVersion = 6.3;
						TestTargetID = 28EE49021ADA5CC500EAD4FA;
					};
				};
			};
			buildConfigurationList = 28EE48FE1ADA5CC500EAD4FA /* Build configuration list for PBXProject "Messenger" */;
			compatibilityVersion = "Xcode 3.2";
			developmentRegion = English;
			hasScannedForEncodings = 0;
			knownRegions = (
				en,
				Base,
			);
			mainGroup = 28EE48FA1ADA5CC500EAD4FA;
			productRefGroup = 28EE49041ADA5CC500EAD4FA /* Products */;
			projectDirPath = "";
			projectRoot = "";
			targets = (
				28EE49021ADA5CC500EAD4FA /* Messenger */,
				28EE49141ADA5CC500EAD4FA /* MessengerTests */,
			);
		};
/* End PBXProject section */

/* Begin PBXResourcesBuildPhase section */
		28EE49011ADA5CC500EAD4FA /* Resources */ = {
			isa = PBXResourcesBuildPhase;
			buildActionMask = 2147483647;
			files = (
				28EE490D1ADA5CC500EAD4FA /* Images.xcassets in Resources */,
				28EE49101ADA5CC500EAD4FA /* Main.storyboard in Resources */,
			);
			runOnlyForDeploymentPostprocessing = 0;
		};
		28EE49131ADA5CC500EAD4FA /* Resources */ = {
			isa = PBXResourcesBuildPhase;
			buildActionMask = 2147483647;
			files = (
			);
			runOnlyForDeploymentPostprocessing = 0;
		};
/* End PBXResourcesBuildPhase section */

/* Begin PBXSourcesBuildPhase section */
		28EE48FF1ADA5CC500EAD4FA /* Sources */ = {
			isa = PBXSourcesBuildPhase;
			buildActionMask = 2147483647;
			files = (
				28EE490B1ADA5CC500EAD4FA /* ViewController.swift in Sources */,
				28EE49091ADA5CC500EAD4FA /* AppDelegate.swift in Sources */,
			);
			runOnlyForDeploymentPostprocessing = 0;
		};
		28EE49111ADA5CC500EAD4FA /* Sources */ = {
			isa = PBXSourcesBuildPhase;
			buildActionMask = 2147483647;
			files = (
				28EE491C1ADA5CC500EAD4FA /* MessengerTests.swift in Sources */,
			);
			runOnlyForDeploymentPostprocessing = 0;
		};
/* End PBXSourcesBuildPhase section */

/* Begin PBXTargetDependency section */
		28EE49171ADA5CC500EAD4FA /* PBXTargetDependency */ = {
			isa = PBXTargetDependency;
			target = 28EE49021ADA5CC500EAD4FA /* Messenger */;
			targetProxy = 28EE49161ADA5CC500EAD4FA /* PBXContainerItemProxy */;
		};
/* End PBXTargetDependency section */

/* Begin PBXVariantGroup section */
		28EE490E1ADA5CC500EAD4FA /* Main.storyboard */ = {
			isa = PBXVariantGroup;
			children = (
				28EE490F1ADA5CC500EAD4FA /* Base */,
			);
			name = Main.storyboard;
			sourceTree = "<group>";
		};
/* End PBXVariantGroup section */

/* Begin XCBuildConfiguration section */
		28EE491D1ADA5CC500EAD4FA /* Debug */ = {
			isa = XCBuildConfiguration;
			buildSettings = {
				ALWAYS_SEARCH_USER_PATHS = NO;
				CLANG_CXX_LANGUAGE_STANDARD = "gnu++0x";
				CLANG_CXX_LIBRARY = "libc++";
				CLANG_ENABLE_MODULES = YES;
				CLANG_ENABLE_OBJC_ARC = YES;
				CLANG_WARN_BOOL_CONVERSION = YES;
				CLANG_WARN_CONSTANT_CONVERSION = YES;
				CLANG_WARN_DIRECT_OBJC_ISA_USAGE = YES_ERROR;
				CLANG_WARN_EMPTY_BODY = YES;
				CLANG_WARN_ENUM_CONVERSION = YES;
				CLANG_WARN_INT_CONVERSION = YES;
				CLANG_WARN_OBJC_ROOT_CLASS = YES_ERROR;
				CLANG_WARN_UNREACHABLE_CODE = YES;
				CLANG_WARN__DUPLICATE_METHOD_MATCH = YES;
				CODE_SIGN_IDENTITY = "-";
				COPY_PHASE_STRIP = NO;
				DEBUG_INFORMATION_FORMAT = dwarf;
				ENABLE_STRICT_OBJC_MSGSEND = YES;
				GCC_C_LANGUAGE_STANDARD = gnu99;
				GCC_DYNAMIC_NO_PIC = NO;
				GCC_NO_COMMON_BLOCKS = YES;
				GCC_OPTIMIZATION_LEVEL = 0;
				GCC_PREPROCESSOR_DEFINITIONS = (
					"DEBUG=1",
					"$(inherited)",
				);
				GCC_SYMBOLS_PRIVATE_EXTERN = NO;
				GCC_WARN_64_TO_32_BIT_CONVERSION = YES;
				GCC_WARN_ABOUT_RETURN_TYPE = YES_ERROR;
				GCC_WARN_UNDECLARED_SELECTOR = YES;
				GCC_WARN_UNINITIALIZED_AUTOS = YES_AGGRESSIVE;
				GCC_WARN_UNUSED_FUNCTION = YES;
				GCC_WARN_UNUSED_VARIABLE = YES;
				MACOSX_DEPLOYMENT_TARGET = 10.10;
				MTL_ENABLE_DEBUG_INFO = YES;
				ONLY_ACTIVE_ARCH = YES;
				SDKROOT = macosx;
				SWIFT_OPTIMIZATION_LEVEL = "-Onone";
			};
			name = Debug;
		};
		28EE491E1ADA5CC500EAD4FA /* Release */ = {
			isa = XCBuildConfiguration;
			buildSettings = {
				ALWAYS_SEARCH_USER_PATHS = NO;
				CLANG_CXX_LANGUAGE_STANDARD = "gnu++0x";
				CLANG_CXX_LIBRARY = "libc++";
				CLANG_ENABLE_MODULES = YES;
				CLANG_ENABLE_OBJC_ARC = YES;
				CLANG_WARN_BOOL_CONVERSION = YES;
				CLANG_WARN_CONSTANT_CONVERSION = YES;
				CLANG_WARN_DIRECT_OBJC_ISA_USAGE = YES_ERROR;
				CLANG_WARN_EMPTY_BODY = YES;
				CLANG_WARN_ENUM_CONVERSION = YES;
				CLANG_WARN_INT_CONVERSION = YES;
				CLANG_WARN_OBJC_ROOT_CLASS = YES_ERROR;
				CLANG_WARN_UNREACHABLE_CODE = YES;
				CLANG_WARN__DUPLICATE_METHOD_MATCH = YES;
				CODE_SIGN_IDENTITY = "-";
				COPY_PHASE_STRIP = NO;
				DEBUG_INFORMATION_FORMAT = "dwarf-with-dsym";
				ENABLE_NS_ASSERTIONS = NO;
				ENABLE_STRICT_OBJC_MSGSEND = YES;
				GCC_C_LANGUAGE_STANDARD = gnu99;
				GCC_NO_COMMON_BLOCKS = YES;
				GCC_WARN_64_TO_32_BIT_CONVERSION = YES;
				GCC_WARN_ABOUT_RETURN_TYPE = YES_ERROR;
				GCC_WARN_UNDECLARED_SELECTOR = YES;
				GCC_WARN_UNINITIALIZED_AUTOS = YES_AGGRESSIVE;
				GCC_WARN_UNUSED_FUNCTION = YES;
				GCC_WARN_UNUSED_VARIABLE = YES;
				MACOSX_DEPLOYMENT_TARGET = 10.10;
				MTL_ENABLE_DEBUG_INFO = NO;
				SDKROOT = macosx;
			};
			name = Release;
		};
		28EE49201ADA5CC500EAD4FA /* Debug */ = {
			isa = XCBuildConfiguration;
			buildSettings = {
				ASSETCATALOG_COMPILER_APPICON_NAME = AppIcon;
				COMBINE_HIDPI_IMAGES = YES;
				INFOPLIST_FILE = Messenger/Info.plist;
				LD_RUNPATH_SEARCH_PATHS = "$(inherited) @executable_path/../Frameworks";
				PRODUCT_NAME = "$(TARGET_NAME)";
			};
			name = Debug;
		};
		28EE49211ADA5CC500EAD4FA /* Release */ = {
			isa = XCBuildConfiguration;
			buildSettings = {
				ASSETCATALOG_COMPILER_APPICON_NAME = AppIcon;
				COMBINE_HIDPI_IMAGES = YES;
				INFOPLIST_FILE = Messenger/Info.plist;
				LD_RUNPATH_SEARCH_PATHS = "$(inherited) @executable_path/../Frameworks";
				PRODUCT_NAME = "$(TARGET_NAME)";
			};
			name = Release;
		};
		28EE49231ADA5CC500EAD4FA /* Debug */ = {
			isa = XCBuildConfiguration;
			buildSettings = {
				BUNDLE_LOADER = "$(TEST_HOST)";
				COMBINE_HIDPI_IMAGES = YES;
				FRAMEWORK_SEARCH_PATHS = (
					"$(DEVELOPER_FRAMEWORKS_DIR)",
					"$(inherited)",
				);
				GCC_PREPROCESSOR_DEFINITIONS = (
					"DEBUG=1",
					"$(inherited)",
				);
				INFOPLIST_FILE = MessengerTests/Info.plist;
				LD_RUNPATH_SEARCH_PATHS = "$(inherited) @executable_path/../Frameworks @loader_path/../Frameworks";
				PRODUCT_NAME = "$(TARGET_NAME)";
				TEST_HOST = "$(BUILT_PRODUCTS_DIR)/Messenger.app/Contents/MacOS/Messenger";
			};
			name = Debug;
		};
		28EE49241ADA5CC500EAD4FA /* Release */ = {
			isa = XCBuildConfiguration;
			buildSettings = {
				BUNDLE_LOADER = "$(TEST_HOST)";
				COMBINE_HIDPI_IMAGES = YES;
				FRAMEWORK_SEARCH_PATHS = (
					"$(DEVELOPER_FRAMEWORKS_DIR)",
					"$(inherited)",
				);
				INFOPLIST_FILE = MessengerTests/Info.plist;
				LD_RUNPATH_SEARCH_PATHS = "$(inherited) @executable_path/../Frameworks @loader_path/../Frameworks";
				PRODUCT_NAME = "$(TARGET_NAME)";
				TEST_HOST = "$(BUILT_PRODUCTS_DIR)/Messenger.app/Contents/MacOS/Messenger";
			};
			name = Release;
		};
/* End XCBuildConfiguration section */

/* Begin XCConfigurationList section */
		28EE48FE1ADA5CC500EAD4FA /* Build configuration list for PBXProject "Messenger" */ = {
			isa = XCConfigurationList;
			buildConfigurations = (
				28EE491D1ADA5CC500EAD4FA /* Debug */,
				28EE491E1ADA5CC500EAD4FA /* Release */,
			);
			defaultConfigurationIsVisible = 0;
			defaultConfigurationName = Release;
		};
		28EE491F1ADA5CC500EAD4FA /* Build configuration list for PBXNativeTarget "Messenger" */ = {
			isa = XCConfigurationList;
			buildConfigurations = (
				28EE49201ADA5CC500EAD4FA /* Debug */,
				28EE49211ADA5CC500EAD4FA /* Release */,
			);
			defaultConfigurationIsVisible = 0;
		};
		28EE49221ADA5CC500EAD4FA /* Build configuration list for PBXNativeTarget "MessengerTests" */ = {
			isa = XCConfigurationList;
			buildConfigurations = (
				28EE49231ADA5CC500EAD4FA /* Debug */,
				28EE49241ADA5CC500EAD4FA /* Release */,
			);
			defaultConfigurationIsVisible = 0;
		};
/* End XCConfigurationList section */
	};
	rootObject = 28EE48FB1ADA5CC500EAD4FA /* Project object */;
}
